
Microsoft Visual Studio Solution File, Format Version 12.00
# Visual Studio Version 16
VisualStudioVersion = 16.0.31129.286
MinimumVisualStudioVersion = 10.0.40219.1
Project("{FAE04EC0-301F-11D3-BF4B-00C04F79EFBC}") = "BoreholeHistogram", "BoreholeHistogram\BoreholeHistogram.csproj", "{FB9D2B25-14CD-4B6A-BC64-E67820AEA122}"
EndProject
Global
	GlobalSection(SolutionConfigurationPlatforms) = preSolution
		Debug|Any CPU = Debug|Any CPU
		Release|Any CPU = Release|Any CPU
	EndGlobalSection
	GlobalSection(ProjectConfigurationPlatforms) = postSolution
		{FB9D2B25-14CD-4B6A-BC64-E67820AEA122}.Debug|Any CPU.ActiveCfg = Debug|Any CPU
		{FB9D2B25-14CD-4B6A-BC64-E67820AEA122}.Debug|Any CPU.Build.0 = Debug|Any CPU
		{FB9D2B25-14CD-4B6A-BC64-E67820AEA122}.Release|Any CPU.ActiveCfg = Release|Any CPU
		{FB9D2B25-14CD-4B6A-BC64-E67820AEA122}.Release|Any CPU.Build.0 = Release|Any CPU
	EndGlobalSection
	GlobalSection(SolutionProperties) = preSolution
		HideSolutionNode = FALSE
	EndGlobalSection
	GlobalSection(ExtensibilityGlobals) = postSolution
		SolutionGuid = {39104213-38E4-490C-B374-06A4481C111F}
	EndGlobalSection
EndGlobal
